
Microsoft Visual Studio Solution File, Format Version 12.00
# Visual Studio Version 16
VisualStudioVersion = 16.0.32630.194
MinimumVisualStudioVersion = 10.0.40219.1
Project("{FAE04EC0-301F-11D3-BF4B-00C04F79EFBC}") = "Feira", "Feira\Feira.csproj", "{15E346EA-DED5-4E46-999C-40D17377A1CF}"
EndProject
Global
	GlobalSection(SolutionConfigurationPlatforms) = preSolution
		Debug|Any CPU = Debug|Any CPU
		Release|Any CPU = Release|Any CPU
	EndGlobalSection
	GlobalSection(ProjectConfigurationPlatforms) = postSolution
		{15E346EA-DED5-4E46-999C-40D17377A1CF}.Debug|Any CPU.ActiveCfg = Debug|Any CPU
		{15E346EA-DED5-4E46-999C-40D17377A1CF}.Debug|Any CPU.Build.0 = Debug|Any CPU
		{15E346EA-DED5-4E46-999C-40D17377A1CF}.Release|Any CPU.ActiveCfg = Release|Any CPU
		{15E346EA-DED5-4E46-999C-40D17377A1CF}.Release|Any CPU.Build.0 = Release|Any CPU
	EndGlobalSection
	GlobalSection(SolutionProperties) = preSolution
		HideSolutionNode = FALSE
	EndGlobalSection
	GlobalSection(ExtensibilityGlobals) = postSolution
		SolutionGuid = {B11E6D68-4336-421C-BC4F-83A330A5DB44}
	EndGlobalSection
EndGlobal
